
Microsoft Visual Studio Solution File, Format Version 12.00
# Visual Studio Version 17
VisualStudioVersion = 17.7.34202.233
MinimumVisualStudioVersion = 10.0.40219.1
Project("{FAE04EC0-301F-11D3-BF4B-00C04F79EFBC}") = "CalculatorApp", "CalculatorApp\CalculatorApp.csproj", "{A07A4EDD-47A6-4239-975E-E92B713E65E8}"
EndProject
Global
	GlobalSection(SolutionConfigurationPlatforms) = preSolution
		Debug|Any CPU = Debug|Any CPU
		Release|Any CPU = Release|Any CPU
	EndGlobalSection
	GlobalSection(ProjectConfigurationPlatforms) = postSolution
		{A07A4EDD-47A6-4239-975E-E92B713E65E8}.Debug|Any CPU.ActiveCfg = Debug|Any CPU
		{A07A4EDD-47A6-4239-975E-E92B713E65E8}.Debug|Any CPU.Build.0 = Debug|Any CPU
		{A07A4EDD-47A6-4239-975E-E92B713E65E8}.Release|Any CPU.ActiveCfg = Release|Any CPU
		{A07A4EDD-47A6-4239-975E-E92B713E65E8}.Release|Any CPU.Build.0 = Release|Any CPU
	EndGlobalSection
	GlobalSection(SolutionProperties) = preSolution
		HideSolutionNode = FALSE
	EndGlobalSection
	GlobalSection(ExtensibilityGlobals) = postSolution
		SolutionGuid = {6DE1DDBC-79C8-4406-9670-663A55AFD7FE}
	EndGlobalSection
EndGlobal
